
Microsoft Visual Studio Solution File, Format Version 12.00
# Visual Studio 2013
VisualStudioVersion = 12.0.21005.1
MinimumVisualStudioVersion = 10.0.40219.1
Project("{FAE04EC0-301F-11D3-BF4B-00C04F79EFBC}") = "02-HelloCSharp", "Hello_CSharp\02-HelloCSharp.csproj", "{E4288EF8-5241-471F-B778-7B681BE80C6B}"
EndProject
Project("{FAE04EC0-301F-11D3-BF4B-00C04F79EFBC}") = "03-HelloIvanIvanov", "ConsoleApplication1\03-HelloIvanIvanov.csproj", "{98CA25A5-B81B-4864-9AAA-68FE3B49AE73}"
EndProject
Project("{FAE04EC0-301F-11D3-BF4B-00C04F79EFBC}") = "04-PrintNumbers", "PrintNumbers\04-PrintNumbers.csproj", "{E48EEE99-AA87-4A19-9731-B8AB5093FAF0}"
EndProject
Project("{FAE04EC0-301F-11D3-BF4B-00C04F79EFBC}") = "06-PrintMyName", "PrintMyName\06-PrintMyName.csproj", "{248C574C-9032-4139-ACE1-0962D480FE2C}"
EndProject
Project("{FAE04EC0-301F-11D3-BF4B-00C04F79EFBC}") = "07-PrintDateAndTime", "PrintDateAndTime\07-PrintDateAndTime.csproj", "{32AFEA06-C5A8-404A-A581-DAE54A665B67}"
EndProject
Project("{FAE04EC0-301F-11D3-BF4B-00C04F79EFBC}") = "08-SquareOfNumber12345", "SquareOfNumber12345\08-SquareOfNumber12345.csproj", "{AF0F12B0-1609-4C3A-A1E2-4523307BC84E}"
EndProject
Project("{FAE04EC0-301F-11D3-BF4B-00C04F79EFBC}") = "09-NumberSequence", "NumberSequence\09-NumberSequence.csproj", "{C4594F78-4754-4EE7-8AD8-D6CF562FAF6D}"
EndProject
Project("{FAE04EC0-301F-11D3-BF4B-00C04F79EFBC}") = "12-AgePlus10", "AgePlus10\12-AgePlus10.csproj", "{9138B015-B44A-455B-8FDF-10720F256520}"
EndProject
Project("{FAE04EC0-301F-11D3-BF4B-00C04F79EFBC}") = "10-ProintProgrammingInfo", "ProintProgrammingInfo\10-ProintProgrammingInfo.csproj", "{AF4378C6-5644-4717-A671-7D7C02602C44}"
EndProject
Project("{FAE04EC0-301F-11D3-BF4B-00C04F79EFBC}") = "11-CSharpDotNetDifferences", "CSharp-DotNetDifferences\11-CSharpDotNetDifferences.csproj", "{DB0B996C-67B9-4AA8-8C2A-B8933D7AA9E4}"
EndProject
Global
	GlobalSection(SolutionConfigurationPlatforms) = preSolution
		Debug|Any CPU = Debug|Any CPU
		Release|Any CPU = Release|Any CPU
	EndGlobalSection
	GlobalSection(ProjectConfigurationPlatforms) = postSolution
		{E4288EF8-5241-471F-B778-7B681BE80C6B}.Debug|Any CPU.ActiveCfg = Debug|Any CPU
		{E4288EF8-5241-471F-B778-7B681BE80C6B}.Debug|Any CPU.Build.0 = Debug|Any CPU
		{E4288EF8-5241-471F-B778-7B681BE80C6B}.Release|Any CPU.ActiveCfg = Release|Any CPU
		{E4288EF8-5241-471F-B778-7B681BE80C6B}.Release|Any CPU.Build.0 = Release|Any CPU
		{98CA25A5-B81B-4864-9AAA-68FE3B49AE73}.Debug|Any CPU.ActiveCfg = Debug|Any CPU
		{98CA25A5-B81B-4864-9AAA-68FE3B49AE73}.Debug|Any CPU.Build.0 = Debug|Any CPU
		{98CA25A5-B81B-4864-9AAA-68FE3B49AE73}.Release|Any CPU.ActiveCfg = Release|Any CPU
		{98CA25A5-B81B-4864-9AAA-68FE3B49AE73}.Release|Any CPU.Build.0 = Release|Any CPU
		{E48EEE99-AA87-4A19-9731-B8AB5093FAF0}.Debug|Any CPU.ActiveCfg = Debug|Any CPU
		{E48EEE99-AA87-4A19-9731-B8AB5093FAF0}.Debug|Any CPU.Build.0 = Debug|Any CPU
		{E48EEE99-AA87-4A19-9731-B8AB5093FAF0}.Release|Any CPU.ActiveCfg = Release|Any CPU
		{E48EEE99-AA87-4A19-9731-B8AB5093FAF0}.Release|Any CPU.Build.0 = Release|Any CPU
		{248C574C-9032-4139-ACE1-0962D480FE2C}.Debug|Any CPU.ActiveCfg = Debug|Any CPU
		{248C574C-9032-4139-ACE1-0962D480FE2C}.Debug|Any CPU.Build.0 = Debug|Any CPU
		{248C574C-9032-4139-ACE1-0962D480FE2C}.Release|Any CPU.ActiveCfg = Release|Any CPU
		{248C574C-9032-4139-ACE1-0962D480FE2C}.Release|Any CPU.Build.0 = Release|Any CPU
		{32AFEA06-C5A8-404A-A581-DAE54A665B67}.Debug|Any CPU.ActiveCfg = Debug|Any CPU
		{32AFEA06-C5A8-404A-A581-DAE54A665B67}.Debug|Any CPU.Build.0 = Debug|Any CPU
		{32AFEA06-C5A8-404A-A581-DAE54A665B67}.Release|Any CPU.ActiveCfg = Release|Any CPU
		{32AFEA06-C5A8-404A-A581-DAE54A665B67}.Release|Any CPU.Build.0 = Release|Any CPU
		{AF0F12B0-1609-4C3A-A1E2-4523307BC84E}.Debug|Any CPU.ActiveCfg = Debug|Any CPU
		{AF0F12B0-1609-4C3A-A1E2-4523307BC84E}.Debug|Any CPU.Build.0 = Debug|Any CPU
		{AF0F12B0-1609-4C3A-A1E2-4523307BC84E}.Release|Any CPU.ActiveCfg = Release|Any CPU
		{AF0F12B0-1609-4C3A-A1E2-4523307BC84E}.Release|Any CPU.Build.0 = Release|Any CPU
		{C4594F78-4754-4EE7-8AD8-D6CF562FAF6D}.Debug|Any CPU.ActiveCfg = Debug|Any CPU
		{C4594F78-4754-4EE7-8AD8-D6CF562FAF6D}.Debug|Any CPU.Build.0 = Debug|Any CPU
		{C4594F78-4754-4EE7-8AD8-D6CF562FAF6D}.Release|Any CPU.ActiveCfg = Release|Any CPU
		{C4594F78-4754-4EE7-8AD8-D6CF562FAF6D}.Release|Any CPU.Build.0 = Release|Any CPU
		{9138B015-B44A-455B-8FDF-10720F256520}.Debug|Any CPU.ActiveCfg = Debug|Any CPU
		{9138B015-B44A-455B-8FDF-10720F256520}.Debug|Any CPU.Build.0 = Debug|Any CPU
		{9138B015-B44A-455B-8FDF-10720F256520}.Release|Any CPU.ActiveCfg = Release|Any CPU
		{9138B015-B44A-455B-8FDF-10720F256520}.Release|Any CPU.Build.0 = Release|Any CPU
		{AF4378C6-5644-4717-A671-7D7C02602C44}.Debug|Any CPU.ActiveCfg = Debug|Any CPU
		{AF4378C6-5644-4717-A671-7D7C02602C44}.Debug|Any CPU.Build.0 = Debug|Any CPU
		{AF4378C6-5644-4717-A671-7D7C02602C44}.Release|Any CPU.ActiveCfg = Release|Any CPU
		{AF4378C6-5644-4717-A671-7D7C02602C44}.Release|Any CPU.Build.0 = Release|Any CPU
		{DB0B996C-67B9-4AA8-8C2A-B8933D7AA9E4}.Debug|Any CPU.ActiveCfg = Debug|Any CPU
		{DB0B996C-67B9-4AA8-8C2A-B8933D7AA9E4}.Debug|Any CPU.Build.0 = Debug|Any CPU
		{DB0B996C-67B9-4AA8-8C2A-B8933D7AA9E4}.Release|Any CPU.ActiveCfg = Release|Any CPU
		{DB0B996C-67B9-4AA8-8C2A-B8933D7AA9E4}.Release|Any CPU.Build.0 = Release|Any CPU
	EndGlobalSection
	GlobalSection(SolutionProperties) = preSolution
		HideSolutionNode = FALSE
	EndGlobalSection
EndGlobal
